{
  "version": 4,
  "terraform_version": "1.9.2",
  "serial": 17,
  "lineage": "e99e561e-ce00-db88-133f-cb2ae0d52afc",
  "outputs": {},
  "resources": [
    {
      "mode": "managed",
      "type": "aws_key_pair",
      "name": "ff",
      "provider": "provider[\"registry.terraform.io/hashicorp/aws\"]",
      "instances": [
        {
          "schema_version": 1,
          "attributes": {
            "arn": "arn:aws:ec2:us-east-1:975050270679:key-pair/FFTerraform",
            "fingerprint": "0b:c1:69:f8:b8:b3:fd:32:44:52:bf:a9:b7:89:32:38",
            "id": "FFTerraform",
            "key_name": "FFTerraform",
            "key_name_prefix": "",
            "key_pair_id": "key-0f93c64e7a8e831b3",
            "key_type": "rsa",
            "public_key": "ssh-rsa AAAAB3NzaC1yc2EAAAADAQABAAABgQDHiEjmjUluSBKtGaGRmT+nsPtPZtjhYH5V5ZGtWbf2CZUeInSXk1/I195pnKKCOP8eZmFBw4daS0Cp+FSbMlbVRS3XiKYpX40h8degfOkBEQYSzmQwo1we3h4jaYffGskiXeqPejqBI9ia9qQnT3BVda4yeRl6ziG4kwUJas/5ROCH4CCcIk9C2FrW2NmpEV6fQgWMxMKFO0ogPZsp5xaVF5qcUMHE09Ce3Ujli6F5VP8yv/ixS2TZPOejC3RsY4jH4pVNbNldZJVUVasrOG9ZV8iUZW+WGkFc5eFBkwd8amh4U1sBCRqLVlJ/CvhBcoB6wobpYc+U4Z8QhPzm2ydxfuWWkw95dphXGTPU/vRXuXYdn2W6WRHVPoBQZzbpVkjifAEuLw1/D/MdNQP7jj4GhADdVIK9SHx0NmigutXF6trAr5pvde5TVWi2IGzG7qw6CitqMt4wujACU1Qn2JjzOYjoVr8ruxnHp/KFB0urg/q9vFfZ/MbYCfGmBtltZ/k= 12245@LAPTOP-RBFMU6TJ",
            "tags": {},
            "tags_all": {}
          },
          "sensitive_attributes": [],
          "private": "eyJzY2hlbWFfdmVyc2lvbiI6IjEifQ=="
        }
      ]
    }
  ],
  "check_results": null
}
