{
  "version": 4,
  "terraform_version": "1.9.2",
  "serial": 15,
  "lineage": "e99e561e-ce00-db88-133f-cb2ae0d52afc",
  "outputs": {},
  "resources": [
    {
      "mode": "managed",
      "type": "aws_instance",
      "name": "web",
      "provider": "provider[\"registry.terraform.io/hashicorp/aws\"]",
      "instances": [
        {
          "schema_version": 1,
          "attributes": {
            "ami": "ami-0427090fd1714168b",
            "arn": "arn:aws:ec2:us-east-1:975050270679:instance/i-04b4bd7241157c820",
            "associate_public_ip_address": true,
            "availability_zone": "us-east-1a",
            "capacity_reservation_specification": [
              {
                "capacity_reservation_preference": "open",
                "capacity_reservation_target": []
              }
            ],
            "cpu_core_count": 1,
            "cpu_options": [
              {
                "amd_sev_snp": "",
                "core_count": 1,
                "threads_per_core": 2
              }
            ],
            "cpu_threads_per_core": 2,
            "credit_specification": [
              {
                "cpu_credits": "unlimited"
              }
            ],
            "disable_api_stop": false,
            "disable_api_termination": false,
            "ebs_block_device": [],
            "ebs_optimized": false,
            "enclave_options": [
              {
                "enabled": false
              }
            ],
            "ephemeral_block_device": [],
            "get_password_data": false,
            "hibernation": false,
            "host_id": "",
            "host_resource_group_arn": null,
            "iam_instance_profile": "",
            "id": "i-04b4bd7241157c820",
            "instance_initiated_shutdown_behavior": "stop",
            "instance_lifecycle": "",
            "instance_market_options": [],
            "instance_state": "running",
            "instance_type": "t3.micro",
            "ipv6_address_count": 0,
            "ipv6_addresses": [],
            "key_name": "FFTerraform",
            "launch_template": [],
            "maintenance_options": [
              {
                "auto_recovery": "default"
              }
            ],
            "metadata_options": [
              {
                "http_endpoint": "enabled",
                "http_protocol_ipv6": "disabled",
                "http_put_response_hop_limit": 2,
                "http_tokens": "required",
                "instance_metadata_tags": "disabled"
              }
            ],
            "monitoring": false,
            "network_interface": [],
            "outpost_arn": "",
            "password_data": "",
            "placement_group": "",
            "placement_partition_number": 0,
            "primary_network_interface_id": "eni-013a4ca26f92718bc",
            "private_dns": "ip-172-31-27-78.ec2.internal",
            "private_dns_name_options": [
              {
                "enable_resource_name_dns_a_record": false,
                "enable_resource_name_dns_aaaa_record": false,
                "hostname_type": "ip-name"
              }
            ],
            "private_ip": "172.31.27.78",
            "public_dns": "ec2-18-212-77-76.compute-1.amazonaws.com",
            "public_ip": "18.212.77.76",
            "root_block_device": [
              {
                "delete_on_termination": true,
                "device_name": "/dev/xvda",
                "encrypted": false,
                "iops": 3000,
                "kms_key_id": "",
                "tags": {},
                "tags_all": {},
                "throughput": 125,
                "volume_id": "vol-0a9efe3d7332e05d0",
                "volume_size": 8,
                "volume_type": "gp3"
              }
            ],
            "secondary_private_ips": [],
            "security_groups": [
              "sg-0902c8795516c6384"
            ],
            "source_dest_check": true,
            "spot_instance_request_id": "",
            "subnet_id": "subnet-03a67f73d7575c89e",
            "tags": {
              "Name": "HelloWorld",
              "team": "DevOps"
            },
            "tags_all": {
              "Name": "HelloWorld",
              "team": "DevOps"
            },
            "tenancy": "default",
            "timeouts": null,
            "user_data": null,
            "user_data_base64": null,
            "user_data_replace_on_change": false,
            "volume_tags": null,
            "vpc_security_group_ids": [
              "sg-0902c8795516c6384"
            ]
          },
          "sensitive_attributes": [],
          "private": "eyJlMmJmYjczMC1lY2FhLTExZTYtOGY4OC0zNDM2M2JjN2M0YzAiOnsiY3JlYXRlIjo2MDAwMDAwMDAwMDAsImRlbGV0ZSI6MTIwMDAwMDAwMDAwMCwicmVhZCI6OTAwMDAwMDAwMDAwLCJ1cGRhdGUiOjYwMDAwMDAwMDAwMH0sInNjaGVtYV92ZXJzaW9uIjoiMSJ9"
        }
      ]
    },
    {
      "mode": "managed",
      "type": "aws_key_pair",
      "name": "ff",
      "provider": "provider[\"registry.terraform.io/hashicorp/aws\"]",
      "instances": [
        {
          "schema_version": 1,
          "attributes": {
            "arn": "arn:aws:ec2:us-east-1:975050270679:key-pair/FFTerraform",
            "fingerprint": "0b:c1:69:f8:b8:b3:fd:32:44:52:bf:a9:b7:89:32:38",
            "id": "FFTerraform",
            "key_name": "FFTerraform",
            "key_name_prefix": "",
            "key_pair_id": "key-0f93c64e7a8e831b3",
            "key_type": "rsa",
            "public_key": "ssh-rsa AAAAB3NzaC1yc2EAAAADAQABAAABgQDHiEjmjUluSBKtGaGRmT+nsPtPZtjhYH5V5ZGtWbf2CZUeInSXk1/I195pnKKCOP8eZmFBw4daS0Cp+FSbMlbVRS3XiKYpX40h8degfOkBEQYSzmQwo1we3h4jaYffGskiXeqPejqBI9ia9qQnT3BVda4yeRl6ziG4kwUJas/5ROCH4CCcIk9C2FrW2NmpEV6fQgWMxMKFO0ogPZsp5xaVF5qcUMHE09Ce3Ujli6F5VP8yv/ixS2TZPOejC3RsY4jH4pVNbNldZJVUVasrOG9ZV8iUZW+WGkFc5eFBkwd8amh4U1sBCRqLVlJ/CvhBcoB6wobpYc+U4Z8QhPzm2ydxfuWWkw95dphXGTPU/vRXuXYdn2W6WRHVPoBQZzbpVkjifAEuLw1/D/MdNQP7jj4GhADdVIK9SHx0NmigutXF6trAr5pvde5TVWi2IGzG7qw6CitqMt4wujACU1Qn2JjzOYjoVr8ruxnHp/KFB0urg/q9vFfZ/MbYCfGmBtltZ/k= 12245@LAPTOP-RBFMU6TJ",
            "tags": {},
            "tags_all": {}
          },
          "sensitive_attributes": [],
          "private": "eyJzY2hlbWFfdmVyc2lvbiI6IjEifQ=="
        }
      ]
    }
  ],
  "check_results": null
}
